# This file is autogenerated, do not edit; changes may be undone by the next 'dep ensure'.


[[projects]]
  branch = "master"
  name = "github.com/JohnCGriffin/overflow"
  packages = ["."]
  revision = "4d914c927216bf4e10c887ed4a9161aff06d7d8c"

[[projects]]
  name = "github.com/djherbis/buffer"
  packages = [
    "limio",
    "wrapio"
  ]
  revision = "4972e2bf4a27dbd7c43140c959b85e8c1d2f5536"
  version = "v1.0"

[[projects]]
  branch = "master"
  name = "gitlab.qiniu.io/pingan/libhttpclient"
  packages = [
    "errors",
    "form_postman"
  ]
  revision = "b4872df4174067391a1adad50b570d94d6e45aab"
  source = "git@gitlab.qiniu.io:pingan/libhttpclient.git"

[[projects]]
  branch = "master"
  name = "gitlab.qiniu.io/pingan/libqiniu"
  packages = [
    ".",
    "fop",
    "op"
  ]
  revision = "6acf0e214c827a7d2f4b897019e846ddaa709cfe"
  source = "git@gitlab.qiniu.io:pingan/libqiniu.git"

[[projects]]
  branch = "master"
  name = "golang.org/x/net"
  packages = ["context"]
  revision = "2491c5de3490fced2f6cff376127c667efeed857"
  source = "https://github.com/golang/net.git"

[[projects]]
  name = "gopkg.in/djherbis/buffer.v1"
  packages = ["."]
  revision = "4972e2bf4a27dbd7c43140c959b85e8c1d2f5536"
  version = "v1.0"

[[projects]]
  name = "gopkg.in/djherbis/nio.v2"
  packages = ["."]
  revision = "824ca9017eeb2a422fdda7ae9dba05d3ab019dfa"
  version = "v2.0.3"

[solve-meta]
  analyzer-name = "dep"
  analyzer-version = 1
  inputs-digest = "1ff297b4aa9d91eaa5168004207900096e5daf9392bf014e572e253eaaaf569a"
  solver-name = "gps-cdcl"
  solver-version = 1
